
Microsoft Visual Studio Solution File, Format Version 11.00
# Visual Studio 2010
Project("{FAE04EC0-301F-11D3-BF4B-00C04F79EFBC}") = "2b2tpay", "2b2tpay.csproj", "{784BC75B-EBDC-4554-A546-0E62760951CC}"
EndProject
Global
	GlobalSection(SolutionConfigurationPlatforms) = preSolution
		Debug|Any CPU = Debug|Any CPU
		Release|Any CPU = Release|Any CPU
	EndGlobalSection
	GlobalSection(ProjectConfigurationPlatforms) = postSolution
		{784BC75B-EBDC-4554-A546-0E62760951CC}.Debug|Any CPU.ActiveCfg = Debug|Any CPU
		{784BC75B-EBDC-4554-A546-0E62760951CC}.Debug|Any CPU.Build.0 = Debug|Any CPU
		{784BC75B-EBDC-4554-A546-0E62760951CC}.Release|Any CPU.ActiveCfg = Release|Any CPU
		{784BC75B-EBDC-4554-A546-0E62760951CC}.Release|Any CPU.Build.0 = Release|Any CPU
	EndGlobalSection
	GlobalSection(SolutionProperties) = preSolution
		HideSolutionNode = FALSE
	EndGlobalSection
EndGlobal
